
Microsoft Visual Studio Solution File, Format Version 12.00
# Visual Studio Version 17
VisualStudioVersion = 17.1.32104.313
MinimumVisualStudioVersion = 10.0.40219.1
Project("{FAE04EC0-301F-11D3-BF4B-00C04F79EFBC}") = "ders 15 CS", "ders 15 CS\ders 15 CS.csproj", "{4997BF43-1BBF-4BD9-9966-C5F856140407}"
EndProject
Global
	GlobalSection(SolutionConfigurationPlatforms) = preSolution
		Debug|Any CPU = Debug|Any CPU
		Release|Any CPU = Release|Any CPU
	EndGlobalSection
	GlobalSection(ProjectConfigurationPlatforms) = postSolution
		{4997BF43-1BBF-4BD9-9966-C5F856140407}.Debug|Any CPU.ActiveCfg = Debug|Any CPU
		{4997BF43-1BBF-4BD9-9966-C5F856140407}.Debug|Any CPU.Build.0 = Debug|Any CPU
		{4997BF43-1BBF-4BD9-9966-C5F856140407}.Release|Any CPU.ActiveCfg = Release|Any CPU
		{4997BF43-1BBF-4BD9-9966-C5F856140407}.Release|Any CPU.Build.0 = Release|Any CPU
	EndGlobalSection
	GlobalSection(SolutionProperties) = preSolution
		HideSolutionNode = FALSE
	EndGlobalSection
	GlobalSection(ExtensibilityGlobals) = postSolution
		SolutionGuid = {8BC2A067-5D3C-4CF8-B688-BAF33D62A1F7}
	EndGlobalSection
EndGlobal
